
Microsoft Visual Studio Solution File, Format Version 12.00
# Visual Studio 15
VisualStudioVersion = 15.0.27130.2020
MinimumVisualStudioVersion = 10.0.40219.1
Project("{FAE04EC0-301F-11D3-BF4B-00C04F79EFBC}") = "vMenu", "vMenu\vMenu.csproj", "{58FE5D89-E729-4246-B527-6EDA2A1AF04D}"
EndProject
Global
	GlobalSection(SolutionConfigurationPlatforms) = preSolution
		Debug|Any CPU = Debug|Any CPU
		Release|Any CPU = Release|Any CPU
	EndGlobalSection
	GlobalSection(ProjectConfigurationPlatforms) = postSolution
		{58FE5D89-E729-4246-B527-6EDA2A1AF04D}.Debug|Any CPU.ActiveCfg = Debug|Any CPU
		{58FE5D89-E729-4246-B527-6EDA2A1AF04D}.Debug|Any CPU.Build.0 = Debug|Any CPU
		{58FE5D89-E729-4246-B527-6EDA2A1AF04D}.Release|Any CPU.ActiveCfg = Release|Any CPU
		{58FE5D89-E729-4246-B527-6EDA2A1AF04D}.Release|Any CPU.Build.0 = Release|Any CPU
	EndGlobalSection
	GlobalSection(SolutionProperties) = preSolution
		HideSolutionNode = FALSE
	EndGlobalSection
	GlobalSection(ExtensibilityGlobals) = postSolution
		SolutionGuid = {955FF85B-DECB-4ADC-B346-321B2580841A}
	EndGlobalSection
EndGlobal
