
Microsoft Visual Studio Solution File, Format Version 12.00
# Visual Studio Version 16
VisualStudioVersion = 16.0.28711.60
MinimumVisualStudioVersion = 10.0.40219.1
Project("{FAE04EC0-301F-11D3-BF4B-00C04F79EFBC}") = "vMenuClient", "vMenu\vMenuClient.csproj", "{58FE5D89-E729-4246-B527-6EDA2A1AF04D}"
	ProjectSection(ProjectDependencies) = postProject
		{897C1141-8CD6-4609-A692-53DAFF9BCBBE} = {897C1141-8CD6-4609-A692-53DAFF9BCBBE}
	EndProjectSection
EndProject
Project("{FAE04EC0-301F-11D3-BF4B-00C04F79EFBC}") = "vMenuServer", "vMenuServer\vMenuServer.csproj", "{897C1141-8CD6-4609-A692-53DAFF9BCBBE}"
EndProject
Global
	GlobalSection(SolutionConfigurationPlatforms) = preSolution
		Debug|Any CPU = Debug|Any CPU
		Release|Any CPU = Release|Any CPU
	EndGlobalSection
	GlobalSection(ProjectConfigurationPlatforms) = postSolution
		{58FE5D89-E729-4246-B527-6EDA2A1AF04D}.Debug|Any CPU.ActiveCfg = Debug|Any CPU
		{58FE5D89-E729-4246-B527-6EDA2A1AF04D}.Debug|Any CPU.Build.0 = Debug|Any CPU
		{58FE5D89-E729-4246-B527-6EDA2A1AF04D}.Release|Any CPU.ActiveCfg = Release|Any CPU
		{58FE5D89-E729-4246-B527-6EDA2A1AF04D}.Release|Any CPU.Build.0 = Release|Any CPU
		{897C1141-8CD6-4609-A692-53DAFF9BCBBE}.Debug|Any CPU.ActiveCfg = Debug|Any CPU
		{897C1141-8CD6-4609-A692-53DAFF9BCBBE}.Debug|Any CPU.Build.0 = Debug|Any CPU
		{897C1141-8CD6-4609-A692-53DAFF9BCBBE}.Release|Any CPU.ActiveCfg = Release|Any CPU
		{897C1141-8CD6-4609-A692-53DAFF9BCBBE}.Release|Any CPU.Build.0 = Release|Any CPU
	EndGlobalSection
	GlobalSection(SolutionProperties) = preSolution
		HideSolutionNode = FALSE
	EndGlobalSection
	GlobalSection(ExtensibilityGlobals) = postSolution
		SolutionGuid = {955FF85B-DECB-4ADC-B346-321B2580841A}
	EndGlobalSection
EndGlobal
